
Microsoft Visual Studio Solution File, Format Version 12.00
# Visual Studio Version 17
VisualStudioVersion = 17.4.33110.190
MinimumVisualStudioVersion = 10.0.40219.1
Project("{FAE04EC0-301F-11D3-BF4B-00C04F79EFBC}") = "Ders12_taghelper", "Ders12_taghelper.csproj", "{A165107B-AF1F-4F06-8AF8-F893FEB08372}"
EndProject
Global
	GlobalSection(SolutionConfigurationPlatforms) = preSolution
		Debug|Any CPU = Debug|Any CPU
		Release|Any CPU = Release|Any CPU
	EndGlobalSection
	GlobalSection(ProjectConfigurationPlatforms) = postSolution
		{A165107B-AF1F-4F06-8AF8-F893FEB08372}.Debug|Any CPU.ActiveCfg = Debug|Any CPU
		{A165107B-AF1F-4F06-8AF8-F893FEB08372}.Debug|Any CPU.Build.0 = Debug|Any CPU
		{A165107B-AF1F-4F06-8AF8-F893FEB08372}.Release|Any CPU.ActiveCfg = Release|Any CPU
		{A165107B-AF1F-4F06-8AF8-F893FEB08372}.Release|Any CPU.Build.0 = Release|Any CPU
	EndGlobalSection
	GlobalSection(SolutionProperties) = preSolution
		HideSolutionNode = FALSE
	EndGlobalSection
	GlobalSection(ExtensibilityGlobals) = postSolution
		SolutionGuid = {99064473-FB58-48BA-BDA3-AC4B05DF0B67}
	EndGlobalSection
EndGlobal
